
Microsoft Visual Studio Solution File, Format Version 12.00
# Visual Studio Version 16
VisualStudioVersion = 16.0.30804.86
MinimumVisualStudioVersion = 10.0.40219.1
Project("{FAE04EC0-301F-11D3-BF4B-00C04F79EFBC}") = "Day12_Csharp_ITI", "Day12_Csharp_ITI\Day12_Csharp_ITI.csproj", "{87911F27-EE2D-4D1C-90A1-9CB25F064816}"
EndProject
Global
	GlobalSection(SolutionConfigurationPlatforms) = preSolution
		Debug|Any CPU = Debug|Any CPU
		Release|Any CPU = Release|Any CPU
	EndGlobalSection
	GlobalSection(ProjectConfigurationPlatforms) = postSolution
		{87911F27-EE2D-4D1C-90A1-9CB25F064816}.Debug|Any CPU.ActiveCfg = Debug|Any CPU
		{87911F27-EE2D-4D1C-90A1-9CB25F064816}.Debug|Any CPU.Build.0 = Debug|Any CPU
		{87911F27-EE2D-4D1C-90A1-9CB25F064816}.Release|Any CPU.ActiveCfg = Release|Any CPU
		{87911F27-EE2D-4D1C-90A1-9CB25F064816}.Release|Any CPU.Build.0 = Release|Any CPU
	EndGlobalSection
	GlobalSection(SolutionProperties) = preSolution
		HideSolutionNode = FALSE
	EndGlobalSection
	GlobalSection(ExtensibilityGlobals) = postSolution
		SolutionGuid = {A914B202-06A7-423D-A09F-3FE58FC97621}
	EndGlobalSection
EndGlobal
